// !$*UTF8*$!
{
	archiveVersion = 1;
	classes = {
	};
	objectVersion = 56;
	objects = {

/* Begin PBXBuildFile section */
		3C6774822ACB496600D8414E /* AppDelegate.swift in Sources */ = {isa = PBXBuildFile; fileRef = 3C6774812ACB496600D8414E /* AppDelegate.swift */; };
		3C6774842ACB496600D8414E /* SceneDelegate.swift in Sources */ = {isa = PBXBuildFile; fileRef = 3C6774832ACB496600D8414E /* SceneDelegate.swift */; };
		3C67748B2ACB496A00D8414E /* Assets.xcassets in Resources */ = {isa = PBXBuildFile; fileRef = 3C67748A2ACB496A00D8414E /* Assets.xcassets */; };
		3C67748E2ACB496A00D8414E /* LaunchScreen.storyboard in Resources */ = {isa = PBXBuildFile; fileRef = 3C67748C2ACB496A00D8414E /* LaunchScreen.storyboard */; };
		3C6774972ACB53F200D8414E /* SplashViewController.swift in Sources */ = {isa = PBXBuildFile; fileRef = 3C6774952ACB53F200D8414E /* SplashViewController.swift */; };
		3C6774982ACB53F200D8414E /* SplashViewController.xib in Resources */ = {isa = PBXBuildFile; fileRef = 3C6774962ACB53F200D8414E /* SplashViewController.xib */; };
		3C67749B2ACB5A4100D8414E /* HomeTableViewController.swift in Sources */ = {isa = PBXBuildFile; fileRef = 3C6774992ACB5A4000D8414E /* HomeTableViewController.swift */; };
		3C67749C2ACB5A4100D8414E /* HomeTableViewController.xib in Resources */ = {isa = PBXBuildFile; fileRef = 3C67749A2ACB5A4100D8414E /* HomeTableViewController.xib */; };
		3C67749F2ACB5E9F00D8414E /* HomeTableViewCell.swift in Sources */ = {isa = PBXBuildFile; fileRef = 3C67749D2ACB5E9F00D8414E /* HomeTableViewCell.swift */; };
		3C6774A02ACB5E9F00D8414E /* HomeTableViewCell.xib in Resources */ = {isa = PBXBuildFile; fileRef = 3C67749E2ACB5E9F00D8414E /* HomeTableViewCell.xib */; };
		3C6774A22ACB655800D8414E /* CharacterModel.swift in Sources */ = {isa = PBXBuildFile; fileRef = 3C6774A12ACB655800D8414E /* CharacterModel.swift */; };
		3C73AD022ACC859500B9EC71 /* DetailViewController.swift in Sources */ = {isa = PBXBuildFile; fileRef = 3C73AD002ACC859500B9EC71 /* DetailViewController.swift */; };
		3C73AD032ACC859500B9EC71 /* DetailViewController.xib in Resources */ = {isa = PBXBuildFile; fileRef = 3C73AD012ACC859500B9EC71 /* DetailViewController.xib */; };
		3C73AD152ACC8ECD00B9EC71 /* HomeCellModel.swift in Sources */ = {isa = PBXBuildFile; fileRef = 3C73AD142ACC8ECD00B9EC71 /* HomeCellModel.swift */; };
/* End PBXBuildFile section */

/* Begin PBXFileReference section */
		3C67747E2ACB496600D8414E /* MVCPatrones.app */ = {isa = PBXFileReference; explicitFileType = wrapper.application; includeInIndex = 0; path = MVCPatrones.app; sourceTree = BUILT_PRODUCTS_DIR; };
		3C6774812ACB496600D8414E /* AppDelegate.swift */ = {isa = PBXFileReference; lastKnownFileType = sourcecode.swift; path = AppDelegate.swift; sourceTree = "<group>"; };
		3C6774832ACB496600D8414E /* SceneDelegate.swift */ = {isa = PBXFileReference; lastKnownFileType = sourcecode.swift; path = SceneDelegate.swift; sourceTree = "<group>"; };
		3C67748A2ACB496A00D8414E /* Assets.xcassets */ = {isa = PBXFileReference; lastKnownFileType = folder.assetcatalog; path = Assets.xcassets; sourceTree = "<group>"; };
		3C67748D2ACB496A00D8414E /* Base */ = {isa = PBXFileReference; lastKnownFileType = file.storyboard; name = Base; path = Base.lproj/LaunchScreen.storyboard; sourceTree = "<group>"; };
		3C67748F2ACB496A00D8414E /* Info.plist */ = {isa = PBXFileReference; lastKnownFileType = text.plist.xml; path = Info.plist; sourceTree = "<group>"; };
		3C6774952ACB53F200D8414E /* SplashViewController.swift */ = {isa = PBXFileReference; lastKnownFileType = sourcecode.swift; path = SplashViewController.swift; sourceTree = "<group>"; };
		3C6774962ACB53F200D8414E /* SplashViewController.xib */ = {isa = PBXFileReference; lastKnownFileType = file.xib; path = SplashViewController.xib; sourceTree = "<group>"; };
		3C6774992ACB5A4000D8414E /* HomeTableViewController.swift */ = {isa = PBXFileReference; lastKnownFileType = sourcecode.swift; path = HomeTableViewController.swift; sourceTree = "<group>"; };
		3C67749A2ACB5A4100D8414E /* HomeTableViewController.xib */ = {isa = PBXFileReference; lastKnownFileType = file.xib; path = HomeTableViewController.xib; sourceTree = "<group>"; };
		3C67749D2ACB5E9F00D8414E /* HomeTableViewCell.swift */ = {isa = PBXFileReference; lastKnownFileType = sourcecode.swift; path = HomeTableViewCell.swift; sourceTree = "<group>"; };
		3C67749E2ACB5E9F00D8414E /* HomeTableViewCell.xib */ = {isa = PBXFileReference; lastKnownFileType = file.xib; path = HomeTableViewCell.xib; sourceTree = "<group>"; };
		3C6774A12ACB655800D8414E /* CharacterModel.swift */ = {isa = PBXFileReference; lastKnownFileType = sourcecode.swift; path = CharacterModel.swift; sourceTree = "<group>"; };
		3C73AD002ACC859500B9EC71 /* DetailViewController.swift */ = {isa = PBXFileReference; lastKnownFileType = sourcecode.swift; path = DetailViewController.swift; sourceTree = "<group>"; };
		3C73AD012ACC859500B9EC71 /* DetailViewController.xib */ = {isa = PBXFileReference; lastKnownFileType = file.xib; path = DetailViewController.xib; sourceTree = "<group>"; };
		3C73AD142ACC8ECD00B9EC71 /* HomeCellModel.swift */ = {isa = PBXFileReference; lastKnownFileType = sourcecode.swift; path = HomeCellModel.swift; sourceTree = "<group>"; };
/* End PBXFileReference section */

/* Begin PBXFrameworksBuildPhase section */
		3C67747B2ACB496600D8414E /* Frameworks */ = {
			isa = PBXFrameworksBuildPhase;
			buildActionMask = 2147483647;
			files = (
			);
			runOnlyForDeploymentPostprocessing = 0;
		};
/* End PBXFrameworksBuildPhase section */

/* Begin PBXGroup section */
		3C6774752ACB496600D8414E = {
			isa = PBXGroup;
			children = (
				3C6774802ACB496600D8414E /* MVCPatrones */,
				3C67747F2ACB496600D8414E /* Products */,
			);
			sourceTree = "<group>";
		};
		3C67747F2ACB496600D8414E /* Products */ = {
			isa = PBXGroup;
			children = (
				3C67747E2ACB496600D8414E /* MVCPatrones.app */,
			);
			name = Products;
			sourceTree = "<group>";
		};
		3C6774802ACB496600D8414E /* MVCPatrones */ = {
			isa = PBXGroup;
			children = (
				3C67748F2ACB496A00D8414E /* Info.plist */,
				3C73AD042ACC8BFE00B9EC71 /* App */,
				3C73AD0B2ACC8CFA00B9EC71 /* Domain */,
				3C73AD052ACC8C1600B9EC71 /* Resources */,
				3C73AD062ACC8C2900B9EC71 /* UI */,
			);
			path = MVCPatrones;
			sourceTree = "<group>";
		};
		3C73AD042ACC8BFE00B9EC71 /* App */ = {
			isa = PBXGroup;
			children = (
				3C6774812ACB496600D8414E /* AppDelegate.swift */,
				3C6774832ACB496600D8414E /* SceneDelegate.swift */,
			);
			path = App;
			sourceTree = "<group>";
		};
		3C73AD052ACC8C1600B9EC71 /* Resources */ = {
			isa = PBXGroup;
			children = (
				3C67748A2ACB496A00D8414E /* Assets.xcassets */,
			);
			path = Resources;
			sourceTree = "<group>";
		};
		3C73AD062ACC8C2900B9EC71 /* UI */ = {
			isa = PBXGroup;
			children = (
				3C73AD092ACC8C6200B9EC71 /* Splash */,
				3C73AD082ACC8C5900B9EC71 /* Home */,
				3C73AD072ACC8C4E00B9EC71 /* Detail */,
			);
			path = UI;
			sourceTree = "<group>";
		};
		3C73AD072ACC8C4E00B9EC71 /* Detail */ = {
			isa = PBXGroup;
			children = (
				3C73AD0E2ACC8D6900B9EC71 /* View */,
				3C73AD0D2ACC8D5200B9EC71 /* ViewController */,
			);
			path = Detail;
			sourceTree = "<group>";
		};
		3C73AD082ACC8C5900B9EC71 /* Home */ = {
			isa = PBXGroup;
			children = (
				3C73AD132ACC8EA200B9EC71 /* Model */,
				3C73AD102ACC8DAE00B9EC71 /* View */,
				3C73AD0F2ACC8DA300B9EC71 /* ViewController */,
				3C73AD0A2ACC8CDF00B9EC71 /* Cell */,
			);
			path = Home;
			sourceTree = "<group>";
		};
		3C73AD092ACC8C6200B9EC71 /* Splash */ = {
			isa = PBXGroup;
			children = (
				3C73AD122ACC8DD400B9EC71 /* View */,
				3C73AD112ACC8DBF00B9EC71 /* ViewController */,
				3C67748C2ACB496A00D8414E /* LaunchScreen.storyboard */,
			);
			path = Splash;
			sourceTree = "<group>";
		};
		3C73AD0A2ACC8CDF00B9EC71 /* Cell */ = {
			isa = PBXGroup;
			children = (
				3C67749D2ACB5E9F00D8414E /* HomeTableViewCell.swift */,
				3C67749E2ACB5E9F00D8414E /* HomeTableViewCell.xib */,
			);
			path = Cell;
			sourceTree = "<group>";
		};
		3C73AD0B2ACC8CFA00B9EC71 /* Domain */ = {
			isa = PBXGroup;
			children = (
				3C73AD0C2ACC8D0900B9EC71 /* Models */,
			);
			path = Domain;
			sourceTree = "<group>";
		};
		3C73AD0C2ACC8D0900B9EC71 /* Models */ = {
			isa = PBXGroup;
			children = (
				3C6774A12ACB655800D8414E /* CharacterModel.swift */,
			);
			path = Models;
			sourceTree = "<group>";
		};
		3C73AD0D2ACC8D5200B9EC71 /* ViewController */ = {
			isa = PBXGroup;
			children = (
				3C73AD002ACC859500B9EC71 /* DetailViewController.swift */,
			);
			path = ViewController;
			sourceTree = "<group>";
		};
		3C73AD0E2ACC8D6900B9EC71 /* View */ = {
			isa = PBXGroup;
			children = (
				3C73AD012ACC859500B9EC71 /* DetailViewController.xib */,
			);
			path = View;
			sourceTree = "<group>";
		};
		3C73AD0F2ACC8DA300B9EC71 /* ViewController */ = {
			isa = PBXGroup;
			children = (
				3C6774992ACB5A4000D8414E /* HomeTableViewController.swift */,
			);
			path = ViewController;
			sourceTree = "<group>";
		};
		3C73AD102ACC8DAE00B9EC71 /* View */ = {
			isa = PBXGroup;
			children = (
				3C67749A2ACB5A4100D8414E /* HomeTableViewController.xib */,
			);
			path = View;
			sourceTree = "<group>";
		};
		3C73AD112ACC8DBF00B9EC71 /* ViewController */ = {
			isa = PBXGroup;
			children = (
				3C6774952ACB53F200D8414E /* SplashViewController.swift */,
			);
			path = ViewController;
			sourceTree = "<group>";
		};
		3C73AD122ACC8DD400B9EC71 /* View */ = {
			isa = PBXGroup;
			children = (
				3C6774962ACB53F200D8414E /* SplashViewController.xib */,
			);
			path = View;
			sourceTree = "<group>";
		};
		3C73AD132ACC8EA200B9EC71 /* Model */ = {
			isa = PBXGroup;
			children = (
				3C73AD142ACC8ECD00B9EC71 /* HomeCellModel.swift */,
			);
			path = Model;
			sourceTree = "<group>";
		};
/* End PBXGroup section */

/* Begin PBXNativeTarget section */
		3C67747D2ACB496600D8414E /* MVCPatrones */ = {
			isa = PBXNativeTarget;
			buildConfigurationList = 3C6774922ACB496A00D8414E /* Build configuration list for PBXNativeTarget "MVCPatrones" */;
			buildPhases = (
				3C67747A2ACB496600D8414E /* Sources */,
				3C67747B2ACB496600D8414E /* Frameworks */,
				3C67747C2ACB496600D8414E /* Resources */,
			);
			buildRules = (
			);
			dependencies = (
			);
			name = MVCPatrones;
			productName = MVCPatrones;
			productReference = 3C67747E2ACB496600D8414E /* MVCPatrones.app */;
			productType = "com.apple.product-type.application";
		};
/* End PBXNativeTarget section */

/* Begin PBXProject section */
		3C6774762ACB496600D8414E /* Project object */ = {
			isa = PBXProject;
			attributes = {
				BuildIndependentTargetsInParallel = 1;
				LastSwiftUpdateCheck = 1500;
				LastUpgradeCheck = 1500;
				TargetAttributes = {
					3C67747D2ACB496600D8414E = {
						CreatedOnToolsVersion = 15.0;
					};
				};
			};
			buildConfigurationList = 3C6774792ACB496600D8414E /* Build configuration list for PBXProject "MVCPatrones" */;
			compatibilityVersion = "Xcode 14.0";
			developmentRegion = en;
			hasScannedForEncodings = 0;
			knownRegions = (
				en,
				Base,
			);
			mainGroup = 3C6774752ACB496600D8414E;
			productRefGroup = 3C67747F2ACB496600D8414E /* Products */;
			projectDirPath = "";
			projectRoot = "";
			targets = (
				3C67747D2ACB496600D8414E /* MVCPatrones */,
			);
		};
/* End PBXProject section */

/* Begin PBXResourcesBuildPhase section */
		3C67747C2ACB496600D8414E /* Resources */ = {
			isa = PBXResourcesBuildPhase;
			buildActionMask = 2147483647;
			files = (
				3C67749C2ACB5A4100D8414E /* HomeTableViewController.xib in Resources */,
				3C73AD032ACC859500B9EC71 /* DetailViewController.xib in Resources */,
				3C67748E2ACB496A00D8414E /* LaunchScreen.storyboard in Resources */,
				3C6774982ACB53F200D8414E /* SplashViewController.xib in Resources */,
				3C6774A02ACB5E9F00D8414E /* HomeTableViewCell.xib in Resources */,
				3C67748B2ACB496A00D8414E /* Assets.xcassets in Resources */,
			);
			runOnlyForDeploymentPostprocessing = 0;
		};
/* End PBXResourcesBuildPhase section */

/* Begin PBXSourcesBuildPhase section */
		3C67747A2ACB496600D8414E /* Sources */ = {
			isa = PBXSourcesBuildPhase;
			buildActionMask = 2147483647;
			files = (
				3C73AD152ACC8ECD00B9EC71 /* HomeCellModel.swift in Sources */,
				3C67749B2ACB5A4100D8414E /* HomeTableViewController.swift in Sources */,
				3C67749F2ACB5E9F00D8414E /* HomeTableViewCell.swift in Sources */,
				3C6774972ACB53F200D8414E /* SplashViewController.swift in Sources */,
				3C6774A22ACB655800D8414E /* CharacterModel.swift in Sources */,
				3C6774822ACB496600D8414E /* AppDelegate.swift in Sources */,
				3C6774842ACB496600D8414E /* SceneDelegate.swift in Sources */,
				3C73AD022ACC859500B9EC71 /* DetailViewController.swift in Sources */,
			);
			runOnlyForDeploymentPostprocessing = 0;
		};
/* End PBXSourcesBuildPhase section */

/* Begin PBXVariantGroup section */
		3C67748C2ACB496A00D8414E /* LaunchScreen.storyboard */ = {
			isa = PBXVariantGroup;
			children = (
				3C67748D2ACB496A00D8414E /* Base */,
			);
			name = LaunchScreen.storyboard;
			sourceTree = "<group>";
		};
/* End PBXVariantGroup section */

/* Begin XCBuildConfiguration section */
		3C6774902ACB496A00D8414E /* Debug */ = {
			isa = XCBuildConfiguration;
			buildSettings = {
				ALWAYS_SEARCH_USER_PATHS = NO;
				ASSETCATALOG_COMPILER_GENERATE_SWIFT_ASSET_SYMBOL_EXTENSIONS = YES;
				CLANG_ANALYZER_NONNULL = YES;
				CLANG_ANALYZER_NUMBER_OBJECT_CONVERSION = YES_AGGRESSIVE;
				CLANG_CXX_LANGUAGE_STANDARD = "gnu++20";
				CLANG_ENABLE_MODULES = YES;
				CLANG_ENABLE_OBJC_ARC = YES;
				CLANG_ENABLE_OBJC_WEAK = YES;
				CLANG_WARN_BLOCK_CAPTURE_AUTORELEASING = YES;
				CLANG_WARN_BOOL_CONVERSION = YES;
				CLANG_WARN_COMMA = YES;
				CLANG_WARN_CONSTANT_CONVERSION = YES;
				CLANG_WARN_DEPRECATED_OBJC_IMPLEMENTATIONS = YES;
				CLANG_WARN_DIRECT_OBJC_ISA_USAGE = YES_ERROR;
				CLANG_WARN_DOCUMENTATION_COMMENTS = YES;
				CLANG_WARN_EMPTY_BODY = YES;
				CLANG_WARN_ENUM_CONVERSION = YES;
				CLANG_WARN_INFINITE_RECURSION = YES;
				CLANG_WARN_INT_CONVERSION = YES;
				CLANG_WARN_NON_LITERAL_NULL_CONVERSION = YES;
				CLANG_WARN_OBJC_IMPLICIT_RETAIN_SELF = YES;
				CLANG_WARN_OBJC_LITERAL_CONVERSION = YES;
				CLANG_WARN_OBJC_ROOT_CLASS = YES_ERROR;
				CLANG_WARN_QUOTED_INCLUDE_IN_FRAMEWORK_HEADER = YES;
				CLANG_WARN_RANGE_LOOP_ANALYSIS = YES;
				CLANG_WARN_STRICT_PROTOTYPES = YES;
				CLANG_WARN_SUSPICIOUS_MOVE = YES;
				CLANG_WARN_UNGUARDED_AVAILABILITY = YES_AGGRESSIVE;
				CLANG_WARN_UNREACHABLE_CODE = YES;
				CLANG_WARN__DUPLICATE_METHOD_MATCH = YES;
				COPY_PHASE_STRIP = NO;
				DEBUG_INFORMATION_FORMAT = dwarf;
				ENABLE_STRICT_OBJC_MSGSEND = YES;
				ENABLE_TESTABILITY = YES;
				ENABLE_USER_SCRIPT_SANDBOXING = YES;
				GCC_C_LANGUAGE_STANDARD = gnu17;
				GCC_DYNAMIC_NO_PIC = NO;
				GCC_NO_COMMON_BLOCKS = YES;
				GCC_OPTIMIZATION_LEVEL = 0;
				GCC_PREPROCESSOR_DEFINITIONS = (
					"DEBUG=1",
					"$(inherited)",
				);
				GCC_WARN_64_TO_32_BIT_CONVERSION = YES;
				GCC_WARN_ABOUT_RETURN_TYPE = YES_ERROR;
				GCC_WARN_UNDECLARED_SELECTOR = YES;
				GCC_WARN_UNINITIALIZED_AUTOS = YES_AGGRESSIVE;
				GCC_WARN_UNUSED_FUNCTION = YES;
				GCC_WARN_UNUSED_VARIABLE = YES;
				IPHONEOS_DEPLOYMENT_TARGET = 17.0;
				LOCALIZATION_PREFERS_STRING_CATALOGS = YES;
				MTL_ENABLE_DEBUG_INFO = INCLUDE_SOURCE;
				MTL_FAST_MATH = YES;
				ONLY_ACTIVE_ARCH = YES;
				SDKROOT = iphoneos;
				SWIFT_ACTIVE_COMPILATION_CONDITIONS = "DEBUG $(inherited)";
				SWIFT_OPTIMIZATION_LEVEL = "-Onone";
			};
			name = Debug;
		};
		3C6774912ACB496A00D8414E /* Release */ = {
			isa = XCBuildConfiguration;
			buildSettings = {
				ALWAYS_SEARCH_USER_PATHS = NO;
				ASSETCATALOG_COMPILER_GENERATE_SWIFT_ASSET_SYMBOL_EXTENSIONS = YES;
				CLANG_ANALYZER_NONNULL = YES;
				CLANG_ANALYZER_NUMBER_OBJECT_CONVERSION = YES_AGGRESSIVE;
				CLANG_CXX_LANGUAGE_STANDARD = "gnu++20";
				CLANG_ENABLE_MODULES = YES;
				CLANG_ENABLE_OBJC_ARC = YES;
				CLANG_ENABLE_OBJC_WEAK = YES;
				CLANG_WARN_BLOCK_CAPTURE_AUTORELEASING = YES;
				CLANG_WARN_BOOL_CONVERSION = YES;
				CLANG_WARN_COMMA = YES;
				CLANG_WARN_CONSTANT_CONVERSION = YES;
				CLANG_WARN_DEPRECATED_OBJC_IMPLEMENTATIONS = YES;
				CLANG_WARN_DIRECT_OBJC_ISA_USAGE = YES_ERROR;
				CLANG_WARN_DOCUMENTATION_COMMENTS = YES;
				CLANG_WARN_EMPTY_BODY = YES;
				CLANG_WARN_ENUM_CONVERSION = YES;
				CLANG_WARN_INFINITE_RECURSION = YES;
				CLANG_WARN_INT_CONVERSION = YES;
				CLANG_WARN_NON_LITERAL_NULL_CONVERSION = YES;
				CLANG_WARN_OBJC_IMPLICIT_RETAIN_SELF = YES;
				CLANG_WARN_OBJC_LITERAL_CONVERSION = YES;
				CLANG_WARN_OBJC_ROOT_CLASS = YES_ERROR;
				CLANG_WARN_QUOTED_INCLUDE_IN_FRAMEWORK_HEADER = YES;
				CLANG_WARN_RANGE_LOOP_ANALYSIS = YES;
				CLANG_WARN_STRICT_PROTOTYPES = YES;
				CLANG_WARN_SUSPICIOUS_MOVE = YES;
				CLANG_WARN_UNGUARDED_AVAILABILITY = YES_AGGRESSIVE;
				CLANG_WARN_UNREACHABLE_CODE = YES;
				CLANG_WARN__DUPLICATE_METHOD_MATCH = YES;
				COPY_PHASE_STRIP = NO;
				DEBUG_INFORMATION_FORMAT = "dwarf-with-dsym";
				ENABLE_NS_ASSERTIONS = NO;
				ENABLE_STRICT_OBJC_MSGSEND = YES;
				ENABLE_USER_SCRIPT_SANDBOXING = YES;
				GCC_C_LANGUAGE_STANDARD = gnu17;
				GCC_NO_COMMON_BLOCKS = YES;
				GCC_WARN_64_TO_32_BIT_CONVERSION = YES;
				GCC_WARN_ABOUT_RETURN_TYPE = YES_ERROR;
				GCC_WARN_UNDECLARED_SELECTOR = YES;
				GCC_WARN_UNINITIALIZED_AUTOS = YES_AGGRESSIVE;
				GCC_WARN_UNUSED_FUNCTION = YES;
				GCC_WARN_UNUSED_VARIABLE = YES;
				IPHONEOS_DEPLOYMENT_TARGET = 17.0;
				LOCALIZATION_PREFERS_STRING_CATALOGS = YES;
				MTL_ENABLE_DEBUG_INFO = NO;
				MTL_FAST_MATH = YES;
				SDKROOT = iphoneos;
				SWIFT_COMPILATION_MODE = wholemodule;
				VALIDATE_PRODUCT = YES;
			};
			name = Release;
		};
		3C6774932ACB496A00D8414E /* Debug */ = {
			isa = XCBuildConfiguration;
			buildSettings = {
				ASSETCATALOG_COMPILER_APPICON_NAME = AppIcon;
				ASSETCATALOG_COMPILER_GLOBAL_ACCENT_COLOR_NAME = AccentColor;
				CODE_SIGN_STYLE = Automatic;
				CURRENT_PROJECT_VERSION = 1;
				DEVELOPMENT_TEAM = YNAD5X38LN;
				GENERATE_INFOPLIST_FILE = YES;
				INFOPLIST_FILE = MVCPatrones/Info.plist;
				INFOPLIST_KEY_UIApplicationSupportsIndirectInputEvents = YES;
				INFOPLIST_KEY_UILaunchStoryboardName = LaunchScreen;
				INFOPLIST_KEY_UISupportedInterfaceOrientations_iPad = "UIInterfaceOrientationPortrait UIInterfaceOrientationPortraitUpsideDown UIInterfaceOrientationLandscapeLeft UIInterfaceOrientationLandscapeRight";
				INFOPLIST_KEY_UISupportedInterfaceOrientations_iPhone = "UIInterfaceOrientationPortrait UIInterfaceOrientationLandscapeLeft UIInterfaceOrientationLandscapeRight";
				LD_RUNPATH_SEARCH_PATHS = (
					"$(inherited)",
					"@executable_path/Frameworks",
				);
				MARKETING_VERSION = 1.0;
				PRODUCT_BUNDLE_IDENTIFIER = ManuelCazalla.MVCPatrones;
				PRODUCT_NAME = "$(TARGET_NAME)";
				SWIFT_EMIT_LOC_STRINGS = YES;
				SWIFT_VERSION = 5.0;
				TARGETED_DEVICE_FAMILY = "1,2";
			};
			name = Debug;
		};
		3C6774942ACB496A00D8414E /* Release */ = {
			isa = XCBuildConfiguration;
			buildSettings = {
				ASSETCATALOG_COMPILER_APPICON_NAME = AppIcon;
				ASSETCATALOG_COMPILER_GLOBAL_ACCENT_COLOR_NAME = AccentColor;
				CODE_SIGN_STYLE = Automatic;
				CURRENT_PROJECT_VERSION = 1;
				DEVELOPMENT_TEAM = YNAD5X38LN;
				GENERATE_INFOPLIST_FILE = YES;
				INFOPLIST_FILE = MVCPatrones/Info.plist;
				INFOPLIST_KEY_UIApplicationSupportsIndirectInputEvents = YES;
				INFOPLIST_KEY_UILaunchStoryboardName = LaunchScreen;
				INFOPLIST_KEY_UISupportedInterfaceOrientations_iPad = "UIInterfaceOrientationPortrait UIInterfaceOrientationPortraitUpsideDown UIInterfaceOrientationLandscapeLeft UIInterfaceOrientationLandscapeRight";
				INFOPLIST_KEY_UISupportedInterfaceOrientations_iPhone = "UIInterfaceOrientationPortrait UIInterfaceOrientationLandscapeLeft UIInterfaceOrientationLandscapeRight";
				LD_RUNPATH_SEARCH_PATHS = (
					"$(inherited)",
					"@executable_path/Frameworks",
				);
				MARKETING_VERSION = 1.0;
				PRODUCT_BUNDLE_IDENTIFIER = ManuelCazalla.MVCPatrones;
				PRODUCT_NAME = "$(TARGET_NAME)";
				SWIFT_EMIT_LOC_STRINGS = YES;
				SWIFT_VERSION = 5.0;
				TARGETED_DEVICE_FAMILY = "1,2";
			};
			name = Release;
		};
/* End XCBuildConfiguration section */

/* Begin XCConfigurationList section */
		3C6774792ACB496600D8414E /* Build configuration list for PBXProject "MVCPatrones" */ = {
			isa = XCConfigurationList;
			buildConfigurations = (
				3C6774902ACB496A00D8414E /* Debug */,
				3C6774912ACB496A00D8414E /* Release */,
			);
			defaultConfigurationIsVisible = 0;
			defaultConfigurationName = Release;
		};
		3C6774922ACB496A00D8414E /* Build configuration list for PBXNativeTarget "MVCPatrones" */ = {
			isa = XCConfigurationList;
			buildConfigurations = (
				3C6774932ACB496A00D8414E /* Debug */,
				3C6774942ACB496A00D8414E /* Release */,
			);
			defaultConfigurationIsVisible = 0;
			defaultConfigurationName = Release;
		};
/* End XCConfigurationList section */
	};
	rootObject = 3C6774762ACB496600D8414E /* Project object */;
}
